
Microsoft Visual Studio Solution File, Format Version 12.00
# Visual Studio Version 17
VisualStudioVersion = 17.0.31903.59
MinimumVisualStudioVersion = 10.0.40219.1
Project("{2150E333-8FDC-42A3-9474-1A3956D46DE8}") = "src", "src", "{827E0CD3-B72D-47B6-A68D-7590B98EB39B}"
EndProject
Project("{FAE04EC0-301F-11D3-BF4B-00C04F79EFBC}") = "KeypadCompanion", "src\KeypadCompanion\KeypadCompanion.csproj", "{61C229A4-C677-4E67-AE59-9FE76229C3B8}"
EndProject
Project("{2150E333-8FDC-42A3-9474-1A3956D46DE8}") = "tests", "tests", "{0AB3BF05-4346-4AA6-1389-037BE0695223}"
EndProject
Project("{FAE04EC0-301F-11D3-BF4B-00C04F79EFBC}") = "KeypadCompanion.Tests", "tests\KeypadCompanion.Tests\KeypadCompanion.Tests.csproj", "{38924BDE-4D31-42E5-909E-E166D7F620BB}"
EndProject
Global
	GlobalSection(SolutionConfigurationPlatforms) = preSolution
		Debug|Any CPU = Debug|Any CPU
		Debug|x64 = Debug|x64
		Debug|x86 = Debug|x86
		Release|Any CPU = Release|Any CPU
		Release|x64 = Release|x64
		Release|x86 = Release|x86
	EndGlobalSection
	GlobalSection(ProjectConfigurationPlatforms) = postSolution
		{61C229A4-C677-4E67-AE59-9FE76229C3B8}.Debug|Any CPU.ActiveCfg = Debug|Any CPU
		{61C229A4-C677-4E67-AE59-9FE76229C3B8}.Debug|Any CPU.Build.0 = Debug|Any CPU
		{61C229A4-C677-4E67-AE59-9FE76229C3B8}.Debug|x64.ActiveCfg = Debug|Any CPU
		{61C229A4-C677-4E67-AE59-9FE76229C3B8}.Debug|x64.Build.0 = Debug|Any CPU
		{61C229A4-C677-4E67-AE59-9FE76229C3B8}.Debug|x86.ActiveCfg = Debug|Any CPU
		{61C229A4-C677-4E67-AE59-9FE76229C3B8}.Debug|x86.Build.0 = Debug|Any CPU
		{61C229A4-C677-4E67-AE59-9FE76229C3B8}.Release|Any CPU.ActiveCfg = Release|Any CPU
		{61C229A4-C677-4E67-AE59-9FE76229C3B8}.Release|Any CPU.Build.0 = Release|Any CPU
		{61C229A4-C677-4E67-AE59-9FE76229C3B8}.Release|x64.ActiveCfg = Release|Any CPU
		{61C229A4-C677-4E67-AE59-9FE76229C3B8}.Release|x64.Build.0 = Release|Any CPU
		{61C229A4-C677-4E67-AE59-9FE76229C3B8}.Release|x86.ActiveCfg = Release|Any CPU
		{61C229A4-C677-4E67-AE59-9FE76229C3B8}.Release|x86.Build.0 = Release|Any CPU
		{38924BDE-4D31-42E5-909E-E166D7F620BB}.Debug|Any CPU.ActiveCfg = Debug|Any CPU
		{38924BDE-4D31-42E5-909E-E166D7F620BB}.Debug|Any CPU.Build.0 = Debug|Any CPU
		{38924BDE-4D31-42E5-909E-E166D7F620BB}.Debug|x64.ActiveCfg = Debug|Any CPU
		{38924BDE-4D31-42E5-909E-E166D7F620BB}.Debug|x64.Build.0 = Debug|Any CPU
		{38924BDE-4D31-42E5-909E-E166D7F620BB}.Debug|x86.ActiveCfg = Debug|Any CPU
		{38924BDE-4D31-42E5-909E-E166D7F620BB}.Debug|x86.Build.0 = Debug|Any CPU
		{38924BDE-4D31-42E5-909E-E166D7F620BB}.Release|Any CPU.ActiveCfg = Release|Any CPU
		{38924BDE-4D31-42E5-909E-E166D7F620BB}.Release|Any CPU.Build.0 = Release|Any CPU
		{38924BDE-4D31-42E5-909E-E166D7F620BB}.Release|x64.ActiveCfg = Release|Any CPU
		{38924BDE-4D31-42E5-909E-E166D7F620BB}.Release|x64.Build.0 = Release|Any CPU
		{38924BDE-4D31-42E5-909E-E166D7F620BB}.Release|x86.ActiveCfg = Release|Any CPU
		{38924BDE-4D31-42E5-909E-E166D7F620BB}.Release|x86.Build.0 = Release|Any CPU
	EndGlobalSection
	GlobalSection(SolutionProperties) = preSolution
		HideSolutionNode = FALSE
	EndGlobalSection
	GlobalSection(NestedProjects) = preSolution
		{61C229A4-C677-4E67-AE59-9FE76229C3B8} = {827E0CD3-B72D-47B6-A68D-7590B98EB39B}
		{38924BDE-4D31-42E5-909E-E166D7F620BB} = {0AB3BF05-4346-4AA6-1389-037BE0695223}
	EndGlobalSection
EndGlobal
